github.com/Masterminds/semver/v3 v3.3.0 h1:B8LGeaivUe71a5qox1ICM/JLl0NqZSW5CHyL+hmvYS0=
github.com/Masterminds/semver/v3 v3.3.0/go.mod h1:4V+yj/TJE1HU9XfppCwVMZq3I84lprf4nC11bSS5beM=
github.com/google/go-cmp v0.5.9/go.mod h1:17dUlkBOakJ0+DkrSSNjCkIjxS6bF9zb3elmeNGIjoY=
github.com/pkg/errors v0.9.1 h1:FEBLx1zS214owpjy7qsBeixbURkuhQAwrK5UwLGTwt4=
github.com/pkg/errors v0.9.1/go.mod h1:bwawxfHBFNV+L2hUp1rHADufV3IMtnDRdf1r5NINEl0=
gopkg.in/check.v1 v0.0.0-20161208181325-20d25e280405/go.mod h1:Co6ibVJAznAaIkqp8huTwlJQCZ016jof/cbN4VW5Yz0=
helm.sh/helm/v3 v3.16.1 h1:cER6tI/8PgUAsaJaQCVBUg3VI9KN4oVaZJgY60RIc0c=
helm.sh/helm/v3 v3.16.1/go.mod h1:r+xBHHP20qJeEqtvBXMf7W35QDJnzY/eiEBzt+TfHps=
sigs.k8s.io/yaml v1.4.0 h1:Mk1wCc2gy/F0THH0TAp1QYyJNzRm2KCLy3o5ASXVI5E=
sigs.k8s.io/yaml v1.4.0/go.mod h1:Ejl7/uTz7PSA4eKMyQCUTnhZYNmLIl+5c2lQPGR2BPY=
